// !$*UTF8*$!
{
	archiveVersion = 1;
	classes = {
	};
	objectVersion = 46;
	objects = {

/* Begin PBXBuildFile section */
		A10B3E441828D933002C7A81 /* BTOdetail.png in Resources */ = {isa = PBXBuildFile; fileRef = A10B3E431828D933002C7A81 /* BTOdetail.png */; };
		A10B3E461828DC44002C7A81 /* changeDetail.png in Resources */ = {isa = PBXBuildFile; fileRef = A10B3E451828DC44002C7A81 /* changeDetail.png */; };
		A10B3E481828DE30002C7A81 /* retire.png in Resources */ = {isa = PBXBuildFile; fileRef = A10B3E471828DE30002C7A81 /* retire.png */; };
		A10B3E4A1828E25E002C7A81 /* discover.png in Resources */ = {isa = PBXBuildFile; fileRef = A10B3E491828E25E002C7A81 /* discover.png */; };
		A12E73A217E8214300963CDA /* UIKit.framework in Frameworks */ = {isa = PBXBuildFile; fileRef = A12E73A117E8214300963CDA /* UIKit.framework */; };
		A12E73A417E8214300963CDA /* Foundation.framework in Frameworks */ = {isa = PBXBuildFile; fileRef = A12E73A317E8214300963CDA /* Foundation.framework */; };
		A12E73A617E8214300963CDA /* CoreGraphics.framework in Frameworks */ = {isa = PBXBuildFile; fileRef = A12E73A517E8214300963CDA /* CoreGraphics.framework */; };
		A12E73AC17E8214300963CDA /* InfoPlist.strings in Resources */ = {isa = PBXBuildFile; fileRef = A12E73AA17E8214300963CDA /* InfoPlist.strings */; };
		A12E73AE17E8214300963CDA /* main.m in Sources */ = {isa = PBXBuildFile; fileRef = A12E73AD17E8214300963CDA /* main.m */; };
		A12E73B217E8214300963CDA /* AppDelegate.m in Sources */ = {isa = PBXBuildFile; fileRef = A12E73B117E8214300963CDA /* AppDelegate.m */; };
		A12E73B417E8214300963CDA /* Default.png in Resources */ = {isa = PBXBuildFile; fileRef = A12E73B317E8214300963CDA /* Default.png */; };
		A12E73B617E8214300963CDA /* Default@2x.png in Resources */ = {isa = PBXBuildFile; fileRef = A12E73B517E8214300963CDA /* Default@2x.png */; };
		A12E73B817E8214300963CDA /* Default-568h@2x.png in Resources */ = {isa = PBXBuildFile; fileRef = A12E73B717E8214300963CDA /* Default-568h@2x.png */; };
		A12E73BF17E8240F00963CDA /* GoogleMaps.framework in Frameworks */ = {isa = PBXBuildFile; fileRef = A12E73BE17E8240F00963CDA /* GoogleMaps.framework */; };
		A12E73C117E8243F00963CDA /* GoogleMaps.bundle in Resources */ = {isa = PBXBuildFile; fileRef = A12E73C017E8243F00963CDA /* GoogleMaps.bundle */; };
		A12E73C817E8257500963CDA /* AVFoundation.framework in Frameworks */ = {isa = PBXBuildFile; fileRef = A12E73C217E8257500963CDA /* AVFoundation.framework */; };
		A12E73C917E8257500963CDA /* CoreData.framework in Frameworks */ = {isa = PBXBuildFile; fileRef = A12E73C317E8257500963CDA /* CoreData.framework */; };
		A12E73CA17E8257500963CDA /* CoreLocation.framework in Frameworks */ = {isa = PBXBuildFile; fileRef = A12E73C417E8257500963CDA /* CoreLocation.framework */; };
		A12E73CB17E8257500963CDA /* CoreText.framework in Frameworks */ = {isa = PBXBuildFile; fileRef = A12E73C517E8257500963CDA /* CoreText.framework */; };
		A12E73CC17E8257500963CDA /* GLKit.framework in Frameworks */ = {isa = PBXBuildFile; fileRef = A12E73C617E8257500963CDA /* GLKit.framework */; };
		A12E73CD17E8257500963CDA /* ImageIO.framework in Frameworks */ = {isa = PBXBuildFile; fileRef = A12E73C717E8257500963CDA /* ImageIO.framework */; };
		A12E73D417E825C300963CDA /* libicucore.dylib in Frameworks */ = {isa = PBXBuildFile; fileRef = A12E73CE17E825C300963CDA /* libicucore.dylib */; };
		A12E73D617E825C300963CDA /* libz.dylib in Frameworks */ = {isa = PBXBuildFile; fileRef = A12E73D017E825C300963CDA /* libz.dylib */; };
		A12E73D717E825C300963CDA /* OpenGLES.framework in Frameworks */ = {isa = PBXBuildFile; fileRef = A12E73D117E825C300963CDA /* OpenGLES.framework */; };
		A12E73D817E825C300963CDA /* QuartzCore.framework in Frameworks */ = {isa = PBXBuildFile; fileRef = A12E73D217E825C300963CDA /* QuartzCore.framework */; };
		A12E73D917E825C300963CDA /* SystemConfiguration.framework in Frameworks */ = {isa = PBXBuildFile; fileRef = A12E73D317E825C300963CDA /* SystemConfiguration.framework */; };
		A12E73DC17E8264D00963CDA /* RootViewController.m in Sources */ = {isa = PBXBuildFile; fileRef = A12E73DB17E8264D00963CDA /* RootViewController.m */; };
		A12E73DE17E8299B00963CDA /* libc++.dylib in Frameworks */ = {isa = PBXBuildFile; fileRef = A12E73DD17E8299B00963CDA /* libc++.dylib */; };
		A12E73F317E831A700963CDA /* SSDialogView.m in Sources */ = {isa = PBXBuildFile; fileRef = A12E73E117E831A700963CDA /* SSDialogView.m */; };
		A12E73F417E831A700963CDA /* SSGentleAlertView.m in Sources */ = {isa = PBXBuildFile; fileRef = A12E73E317E831A700963CDA /* SSGentleAlertView.m */; };
		A12E73F517E831A700963CDA /* SSGentleAlertButtonBlack.xib in Resources */ = {isa = PBXBuildFile; fileRef = A12E73E517E831A700963CDA /* SSGentleAlertButtonBlack.xib */; };
		A12E73F617E831A700963CDA /* SSGentleAlertViewBlack.bundle in Resources */ = {isa = PBXBuildFile; fileRef = A12E73E617E831A700963CDA /* SSGentleAlertViewBlack.bundle */; };
		A12E73F717E831A700963CDA /* SSGentleAlertViewBlack.xib in Resources */ = {isa = PBXBuildFile; fileRef = A12E73E717E831A700963CDA /* SSGentleAlertViewBlack.xib */; };
		A12E73F817E831A700963CDA /* SSGentleAlertButtonDefault.xib in Resources */ = {isa = PBXBuildFile; fileRef = A12E73E917E831A700963CDA /* SSGentleAlertButtonDefault.xib */; };
		A12E73F917E831A700963CDA /* SSGentleAlertViewDefault.bundle in Resources */ = {isa = PBXBuildFile; fileRef = A12E73EA17E831A700963CDA /* SSGentleAlertViewDefault.bundle */; };
		A12E73FA17E831A700963CDA /* SSGentleAlertViewDefault.xib in Resources */ = {isa = PBXBuildFile; fileRef = A12E73EB17E831A700963CDA /* SSGentleAlertViewDefault.xib */; };
		A12E73FB17E831A700963CDA /* SSGentleAlertButtonNative.xib in Resources */ = {isa = PBXBuildFile; fileRef = A12E73ED17E831A700963CDA /* SSGentleAlertButtonNative.xib */; };
		A12E73FC17E831A700963CDA /* SSGentleAlertViewNative.bundle in Resources */ = {isa = PBXBuildFile; fileRef = A12E73EE17E831A700963CDA /* SSGentleAlertViewNative.bundle */; };
		A12E73FD17E831A700963CDA /* SSGentleAlertViewNative.xib in Resources */ = {isa = PBXBuildFile; fileRef = A12E73EF17E831A700963CDA /* SSGentleAlertViewNative.xib */; };
		A12E73FE17E831A700963CDA /* SSOverlayWindow.m in Sources */ = {isa = PBXBuildFile; fileRef = A12E73F217E831A700963CDA /* SSOverlayWindow.m */; };
		A12E744917E97BD200963CDA /* R9HTTPRequest.m in Sources */ = {isa = PBXBuildFile; fileRef = A12E744817E97BD200963CDA /* R9HTTPRequest.m */; };
		A12E744D17E9808C00963CDA /* SearchViewController.m in Sources */ = {isa = PBXBuildFile; fileRef = A12E744C17E9808C00963CDA /* SearchViewController.m */; };
		A12E745017E9814600963CDA /* MissionViewController.m in Sources */ = {isa = PBXBuildFile; fileRef = A12E744F17E9814600963CDA /* MissionViewController.m */; };
		A12E745717E9828500963CDA /* MakeBTOViewController.m in Sources */ = {isa = PBXBuildFile; fileRef = A12E745617E9828500963CDA /* MakeBTOViewController.m */; };
		A12E745A17E982BC00963CDA /* MissionForBTOViewController.m in Sources */ = {isa = PBXBuildFile; fileRef = A12E745917E982BC00963CDA /* MissionForBTOViewController.m */; };
		A12E745E17E9F31500963CDA /* DataBaseAccess.m in Sources */ = {isa = PBXBuildFile; fileRef = A12E745D17E9F31400963CDA /* DataBaseAccess.m */; };
		A19FA744180979AC005E68CB /* SVProgressHUD.bundle in Resources */ = {isa = PBXBuildFile; fileRef = A19FA741180979AC005E68CB /* SVProgressHUD.bundle */; };
		A19FA745180979AC005E68CB /* SVProgressHUD.m in Sources */ = {isa = PBXBuildFile; fileRef = A19FA743180979AC005E68CB /* SVProgressHUD.m */; };
		A19FA748180D1A18005E68CB /* Icon@2x.png in Resources */ = {isa = PBXBuildFile; fileRef = A19FA747180D1A17005E68CB /* Icon@2x.png */; };
		A19FA74A180D1AAD005E68CB /* Icon.png in Resources */ = {isa = PBXBuildFile; fileRef = A19FA749180D1AAD005E68CB /* Icon.png */; };
		A1A0F82B180566770056C2F5 /* EditViewController.m in Sources */ = {isa = PBXBuildFile; fileRef = A1A0F82A180566770056C2F5 /* EditViewController.m */; };
		A1A419E817F436D000157939 /* UserDefaultAcceess.m in Sources */ = {isa = PBXBuildFile; fileRef = A1A419E717F436D000157939 /* UserDefaultAcceess.m */; };
		A1AF0B82180536F10057402D /* Base64.m in Sources */ = {isa = PBXBuildFile; fileRef = A1AF0B81180536F10057402D /* Base64.m */; };
		DA4D054F17F86100004DD083 /* btnR10.png in Resources */ = {isa = PBXBuildFile; fileRef = DA4D054E17F86100004DD083 /* btnR10.png */; };
		DAC1B88C183F6EBF005FCEA8 /* BTO.jpg in Resources */ = {isa = PBXBuildFile; fileRef = DAC1B88B183F6EBF005FCEA8 /* BTO.jpg */; };
		DAC1B89F183F89B8005FCEA8 /* button1.png in Resources */ = {isa = PBXBuildFile; fileRef = DAC1B89D183F89B8005FCEA8 /* button1.png */; };
		DAC1B8A0183F89B8005FCEA8 /* button2.png in Resources */ = {isa = PBXBuildFile; fileRef = DAC1B89E183F89B8005FCEA8 /* button2.png */; };
/* End PBXBuildFile section */

/* Begin PBXFileReference section */
		A10B3E431828D933002C7A81 /* BTOdetail.png */ = {isa = PBXFileReference; lastKnownFileType = image.png; path = BTOdetail.png; sourceTree = "<group>"; };
		A10B3E451828DC44002C7A81 /* changeDetail.png */ = {isa = PBXFileReference; lastKnownFileType = image.png; path = changeDetail.png; sourceTree = "<group>"; };
		A10B3E471828DE30002C7A81 /* retire.png */ = {isa = PBXFileReference; lastKnownFileType = image.png; path = retire.png; sourceTree = "<group>"; };
		A10B3E491828E25E002C7A81 /* discover.png */ = {isa = PBXFileReference; lastKnownFileType = image.png; path = discover.png; sourceTree = "<group>"; };
		A12E739E17E8214300963CDA /* BTO.app */ = {isa = PBXFileReference; explicitFileType = wrapper.application; includeInIndex = 0; path = BTO.app; sourceTree = BUILT_PRODUCTS_DIR; };
		A12E73A117E8214300963CDA /* UIKit.framework */ = {isa = PBXFileReference; lastKnownFileType = wrapper.framework; name = UIKit.framework; path = System/Library/Frameworks/UIKit.framework; sourceTree = SDKROOT; };
		A12E73A317E8214300963CDA /* Foundation.framework */ = {isa = PBXFileReference; lastKnownFileType = wrapper.framework; name = Foundation.framework; path = System/Library/Frameworks/Foundation.framework; sourceTree = SDKROOT; };
		A12E73A517E8214300963CDA /* CoreGraphics.framework */ = {isa = PBXFileReference; lastKnownFileType = wrapper.framework; name = CoreGraphics.framework; path = System/Library/Frameworks/CoreGraphics.framework; sourceTree = SDKROOT; };
		A12E73A917E8214300963CDA /* BTO-Info.plist */ = {isa = PBXFileReference; lastKnownFileType = text.plist.xml; path = "BTO-Info.plist"; sourceTree = "<group>"; };
		A12E73AB17E8214300963CDA /* en */ = {isa = PBXFileReference; lastKnownFileType = text.plist.strings; name = en; path = en.lproj/InfoPlist.strings; sourceTree = "<group>"; };
		A12E73AD17E8214300963CDA /* main.m */ = {isa = PBXFileReference; lastKnownFileType = sourcecode.c.objc; path = main.m; sourceTree = "<group>"; };
		A12E73AF17E8214300963CDA /* BTO-Prefix.pch */ = {isa = PBXFileReference; lastKnownFileType = sourcecode.c.h; path = "BTO-Prefix.pch"; sourceTree = "<group>"; };
		A12E73B017E8214300963CDA /* AppDelegate.h */ = {isa = PBXFileReference; lastKnownFileType = sourcecode.c.h; path = AppDelegate.h; sourceTree = "<group>"; };
		A12E73B117E8214300963CDA /* AppDelegate.m */ = {isa = PBXFileReference; lastKnownFileType = sourcecode.c.objc; path = AppDelegate.m; sourceTree = "<group>"; };
		A12E73B317E8214300963CDA /* Default.png */ = {isa = PBXFileReference; lastKnownFileType = image.png; path = Default.png; sourceTree = "<group>"; };
		A12E73B517E8214300963CDA /* Default@2x.png */ = {isa = PBXFileReference; lastKnownFileType = image.png; path = "Default@2x.png"; sourceTree = "<group>"; };
		A12E73B717E8214300963CDA /* Default-568h@2x.png */ = {isa = PBXFileReference; lastKnownFileType = image.png; path = "Default-568h@2x.png"; sourceTree = "<group>"; };
		A12E73BE17E8240F00963CDA /* GoogleMaps.framework */ = {isa = PBXFileReference; lastKnownFileType = wrapper.framework; name = GoogleMaps.framework; path = BTO/GoogleMaps.framework; sourceTree = "<group>"; };
		A12E73C017E8243F00963CDA /* GoogleMaps.bundle */ = {isa = PBXFileReference; lastKnownFileType = "wrapper.plug-in"; name = GoogleMaps.bundle; path = BTO/GoogleMaps.framework/Versions/A/Resources/GoogleMaps.bundle; sourceTree = "<group>"; };
		A12E73C217E8257500963CDA /* AVFoundation.framework */ = {isa = PBXFileReference; lastKnownFileType = wrapper.framework; name = AVFoundation.framework; path = System/Library/Frameworks/AVFoundation.framework; sourceTree = SDKROOT; };
		A12E73C317E8257500963CDA /* CoreData.framework */ = {isa = PBXFileReference; lastKnownFileType = wrapper.framework; name = CoreData.framework; path = System/Library/Frameworks/CoreData.framework; sourceTree = SDKROOT; };
		A12E73C417E8257500963CDA /* CoreLocation.framework */ = {isa = PBXFileReference; lastKnownFileType = wrapper.framework; name = CoreLocation.framework; path = System/Library/Frameworks/CoreLocation.framework; sourceTree = SDKROOT; };
		A12E73C517E8257500963CDA /* CoreText.framework */ = {isa = PBXFileReference; lastKnownFileType = wrapper.framework; name = CoreText.framework; path = System/Library/Frameworks/CoreText.framework; sourceTree = SDKROOT; };
		A12E73C617E8257500963CDA /* GLKit.framework */ = {isa = PBXFileReference; lastKnownFileType = wrapper.framework; name = GLKit.framework; path = System/Library/Frameworks/GLKit.framework; sourceTree = SDKROOT; };
		A12E73C717E8257500963CDA /* ImageIO.framework */ = {isa = PBXFileReference; lastKnownFileType = wrapper.framework; name = ImageIO.framework; path = System/Library/Frameworks/ImageIO.framework; sourceTree = SDKROOT; };
		A12E73CE17E825C300963CDA /* libicucore.dylib */ = {isa = PBXFileReference; lastKnownFileType = "compiled.mach-o.dylib"; name = libicucore.dylib; path = usr/lib/libicucore.dylib; sourceTree = SDKROOT; };
		A12E73D017E825C300963CDA /* libz.dylib */ = {isa = PBXFileReference; lastKnownFileType = "compiled.mach-o.dylib"; name = libz.dylib; path = usr/lib/libz.dylib; sourceTree = SDKROOT; };
		A12E73D117E825C300963CDA /* OpenGLES.framework */ = {isa = PBXFileReference; lastKnownFileType = wrapper.framework; name = OpenGLES.framework; path = System/Library/Frameworks/OpenGLES.framework; sourceTree = SDKROOT; };
		A12E73D217E825C300963CDA /* QuartzCore.framework */ = {isa = PBXFileReference; lastKnownFileType = wrapper.framework; name = QuartzCore.framework; path = System/Library/Frameworks/QuartzCore.framework; sourceTree = SDKROOT; };
		A12E73D317E825C300963CDA /* SystemConfiguration.framework */ = {isa = PBXFileReference; lastKnownFileType = wrapper.framework; name = SystemConfiguration.framework; path = System/Library/Frameworks/SystemConfiguration.framework; sourceTree = SDKROOT; };
		A12E73DA17E8264D00963CDA /* RootViewController.h */ = {isa = PBXFileReference; fileEncoding = 4; lastKnownFileType = sourcecode.c.h; path = RootViewController.h; sourceTree = "<group>"; };
		A12E73DB17E8264D00963CDA /* RootViewController.m */ = {isa = PBXFileReference; fileEncoding = 4; lastKnownFileType = sourcecode.c.objc; path = RootViewController.m; sourceTree = "<group>"; };
		A12E73DD17E8299B00963CDA /* libc++.dylib */ = {isa = PBXFileReference; lastKnownFileType = "compiled.mach-o.dylib"; name = "libc++.dylib"; path = "usr/lib/libc++.dylib"; sourceTree = SDKROOT; };
		A12E73E017E831A700963CDA /* SSDialogView.h */ = {isa = PBXFileReference; fileEncoding = 4; lastKnownFileType = sourcecode.c.h; path = SSDialogView.h; sourceTree = "<group>"; };
		A12E73E117E831A700963CDA /* SSDialogView.m */ = {isa = PBXFileReference; fileEncoding = 4; lastKnownFileType = sourcecode.c.objc; path = SSDialogView.m; sourceTree = "<group>"; };
		A12E73E217E831A700963CDA /* SSGentleAlertView.h */ = {isa = PBXFileReference; fileEncoding = 4; lastKnownFileType = sourcecode.c.h; path = SSGentleAlertView.h; sourceTree = "<group>"; };
		A12E73E317E831A700963CDA /* SSGentleAlertView.m */ = {isa = PBXFileReference; fileEncoding = 4; lastKnownFileType = sourcecode.c.objc; path = SSGentleAlertView.m; sourceTree = "<group>"; };
		A12E73E517E831A700963CDA /* SSGentleAlertButtonBlack.xib */ = {isa = PBXFileReference; fileEncoding = 4; lastKnownFileType = file.xib; path = SSGentleAlertButtonBlack.xib; sourceTree = "<group>"; };
		A12E73E617E831A700963CDA /* SSGentleAlertViewBlack.bundle */ = {isa = PBXFileReference; lastKnownFileType = "wrapper.plug-in"; path = SSGentleAlertViewBlack.bundle; sourceTree = "<group>"; };
		A12E73E717E831A700963CDA /* SSGentleAlertViewBlack.xib */ = {isa = PBXFileReference; fileEncoding = 4; lastKnownFileType = file.xib; path = SSGentleAlertViewBlack.xib; sourceTree = "<group>"; };
		A12E73E917E831A700963CDA /* SSGentleAlertButtonDefault.xib */ = {isa = PBXFileReference; fileEncoding = 4; lastKnownFileType = file.xib; path = SSGentleAlertButtonDefault.xib; sourceTree = "<group>"; };
		A12E73EA17E831A700963CDA /* SSGentleAlertViewDefault.bundle */ = {isa = PBXFileReference; lastKnownFileType = "wrapper.plug-in"; path = SSGentleAlertViewDefault.bundle; sourceTree = "<group>"; };
		A12E73EB17E831A700963CDA /* SSGentleAlertViewDefault.xib */ = {isa = PBXFileReference; fileEncoding = 4; lastKnownFileType = file.xib; path = SSGentleAlertViewDefault.xib; sourceTree = "<group>"; };
		A12E73ED17E831A700963CDA /* SSGentleAlertButtonNative.xib */ = {isa = PBXFileReference; fileEncoding = 4; lastKnownFileType = file.xib; path = SSGentleAlertButtonNative.xib; sourceTree = "<group>"; };
		A12E73EE17E831A700963CDA /* SSGentleAlertViewNative.bundle */ = {isa = PBXFileReference; lastKnownFileType = "wrapper.plug-in"; path = SSGentleAlertViewNative.bundle; sourceTree = "<group>"; };
		A12E73EF17E831A700963CDA /* SSGentleAlertViewNative.xib */ = {isa = PBXFileReference; fileEncoding = 4; lastKnownFileType = file.xib; path = SSGentleAlertViewNative.xib; sourceTree = "<group>"; };
		A12E73F017E831A700963CDA /* SSGentleAlertViewStyle.h */ = {isa = PBXFileReference; fileEncoding = 4; lastKnownFileType = sourcecode.c.h; path = SSGentleAlertViewStyle.h; sourceTree = "<group>"; };
		A12E73F117E831A700963CDA /* SSOverlayWindow.h */ = {isa = PBXFileReference; fileEncoding = 4; lastKnownFileType = sourcecode.c.h; path = SSOverlayWindow.h; sourceTree = "<group>"; };
		A12E73F217E831A700963CDA /* SSOverlayWindow.m */ = {isa = PBXFileReference; fileEncoding = 4; lastKnownFileType = sourcecode.c.objc; path = SSOverlayWindow.m; sourceTree = "<group>"; };
		A12E744717E97BD200963CDA /* R9HTTPRequest.h */ = {isa = PBXFileReference; fileEncoding = 4; lastKnownFileType = sourcecode.c.h; path = R9HTTPRequest.h; sourceTree = "<group>"; };
		A12E744817E97BD200963CDA /* R9HTTPRequest.m */ = {isa = PBXFileReference; fileEncoding = 4; lastKnownFileType = sourcecode.c.objc; path = R9HTTPRequest.m; sourceTree = "<group>"; };
		A12E744B17E9808C00963CDA /* SearchViewController.h */ = {isa = PBXFileReference; fileEncoding = 4; lastKnownFileType = sourcecode.c.h; path = SearchViewController.h; sourceTree = "<group>"; };
		A12E744C17E9808C00963CDA /* SearchViewController.m */ = {isa = PBXFileReference; fileEncoding = 4; lastKnownFileType = sourcecode.c.objc; path = SearchViewController.m; sourceTree = "<group>"; };
		A12E744E17E9814600963CDA /* MissionViewController.h */ = {isa = PBXFileReference; fileEncoding = 4; lastKnownFileType = sourcecode.c.h; path = MissionViewController.h; sourceTree = "<group>"; };
		A12E744F17E9814600963CDA /* MissionViewController.m */ = {isa = PBXFileReference; fileEncoding = 4; lastKnownFileType = sourcecode.c.objc; path = MissionViewController.m; sourceTree = "<group>"; };
		A12E745517E9828500963CDA /* MakeBTOViewController.h */ = {isa = PBXFileReference; fileEncoding = 4; lastKnownFileType = sourcecode.c.h; name = MakeBTOViewController.h; path = ../MakeBTOViewController.h; sourceTree = "<group>"; };
		A12E745617E9828500963CDA /* MakeBTOViewController.m */ = {isa = PBXFileReference; fileEncoding = 4; lastKnownFileType = sourcecode.c.objc; name = MakeBTOViewController.m; path = ../MakeBTOViewController.m; sourceTree = "<group>"; };
		A12E745817E982BC00963CDA /* MissionForBTOViewController.h */ = {isa = PBXFileReference; fileEncoding = 4; lastKnownFileType = sourcecode.c.h; name = MissionForBTOViewController.h; path = ../MissionForBTOViewController.h; sourceTree = "<group>"; };
		A12E745917E982BC00963CDA /* MissionForBTOViewController.m */ = {isa = PBXFileReference; fileEncoding = 4; lastKnownFileType = sourcecode.c.objc; name = MissionForBTOViewController.m; path = ../MissionForBTOViewController.m; sourceTree = "<group>"; };
		A12E745C17E9F31400963CDA /* DataBaseAccess.h */ = {isa = PBXFileReference; fileEncoding = 4; lastKnownFileType = sourcecode.c.h; path = DataBaseAccess.h; sourceTree = "<group>"; };
		A12E745D17E9F31400963CDA /* DataBaseAccess.m */ = {isa = PBXFileReference; fileEncoding = 4; lastKnownFileType = sourcecode.c.objc; path = DataBaseAccess.m; sourceTree = "<group>"; };
		A19FA741180979AC005E68CB /* SVProgressHUD.bundle */ = {isa = PBXFileReference; lastKnownFileType = "wrapper.plug-in"; path = SVProgressHUD.bundle; sourceTree = "<group>"; };
		A19FA742180979AC005E68CB /* SVProgressHUD.h */ = {isa = PBXFileReference; fileEncoding = 4; lastKnownFileType = sourcecode.c.h; path = SVProgressHUD.h; sourceTree = "<group>"; };
		A19FA743180979AC005E68CB /* SVProgressHUD.m */ = {isa = PBXFileReference; fileEncoding = 4; lastKnownFileType = sourcecode.c.objc; path = SVProgressHUD.m; sourceTree = "<group>"; };
		A19FA747180D1A17005E68CB /* Icon@2x.png */ = {isa = PBXFileReference; lastKnownFileType = image.png; name = "Icon@2x.png"; path = "../Icon@2x.png"; sourceTree = "<group>"; };
		A19FA749180D1AAD005E68CB /* Icon.png */ = {isa = PBXFileReference; lastKnownFileType = image.png; name = Icon.png; path = ../Icon.png; sourceTree = "<group>"; };
		A1A0F829180566770056C2F5 /* EditViewController.h */ = {isa = PBXFileReference; fileEncoding = 4; lastKnownFileType = sourcecode.c.h; path = EditViewController.h; sourceTree = "<group>"; };
		A1A0F82A180566770056C2F5 /* EditViewController.m */ = {isa = PBXFileReference; fileEncoding = 4; lastKnownFileType = sourcecode.c.objc; path = EditViewController.m; sourceTree = "<group>"; };
		A1A419E617F436D000157939 /* UserDefaultAcceess.h */ = {isa = PBXFileReference; fileEncoding = 4; lastKnownFileType = sourcecode.c.h; path = UserDefaultAcceess.h; sourceTree = "<group>"; };
		A1A419E717F436D000157939 /* UserDefaultAcceess.m */ = {isa = PBXFileReference; fileEncoding = 4; lastKnownFileType = sourcecode.c.objc; path = UserDefaultAcceess.m; sourceTree = "<group>"; };
		A1AF0B80180536F10057402D /* Base64.h */ = {isa = PBXFileReference; fileEncoding = 4; lastKnownFileType = sourcecode.c.h; path = Base64.h; sourceTree = "<group>"; };
		A1AF0B81180536F10057402D /* Base64.m */ = {isa = PBXFileReference; fileEncoding = 4; lastKnownFileType = sourcecode.c.objc; path = Base64.m; sourceTree = "<group>"; };
		DA4D054E17F86100004DD083 /* btnR10.png */ = {isa = PBXFileReference; lastKnownFileType = image.png; path = btnR10.png; sourceTree = "<group>"; };
		DAC1B88B183F6EBF005FCEA8 /* BTO.jpg */ = {isa = PBXFileReference; lastKnownFileType = image.jpeg; path = BTO.jpg; sourceTree = SOURCE_ROOT; };
		DAC1B89D183F89B8005FCEA8 /* button1.png */ = {isa = PBXFileReference; lastKnownFileType = image.png; name = button1.png; path = ../button1.png; sourceTree = "<group>"; };
		DAC1B89E183F89B8005FCEA8 /* button2.png */ = {isa = PBXFileReference; lastKnownFileType = image.png; name = button2.png; path = ../button2.png; sourceTree = "<group>"; };
/* End PBXFileReference section */

/* Begin PBXFrameworksBuildPhase section */
		A12E739B17E8214300963CDA /* Frameworks */ = {
			isa = PBXFrameworksBuildPhase;
			buildActionMask = 2147483647;
			files = (
				A12E73DE17E8299B00963CDA /* libc++.dylib in Frameworks */,
				A12E73A617E8214300963CDA /* CoreGraphics.framework in Frameworks */,
				A12E73D417E825C300963CDA /* libicucore.dylib in Frameworks */,
				A12E73D617E825C300963CDA /* libz.dylib in Frameworks */,
				A12E73D717E825C300963CDA /* OpenGLES.framework in Frameworks */,
				A12E73D817E825C300963CDA /* QuartzCore.framework in Frameworks */,
				A12E73D917E825C300963CDA /* SystemConfiguration.framework in Frameworks */,
				A12E73C817E8257500963CDA /* AVFoundation.framework in Frameworks */,
				A12E73C917E8257500963CDA /* CoreData.framework in Frameworks */,
				A12E73CA17E8257500963CDA /* CoreLocation.framework in Frameworks */,
				A12E73CB17E8257500963CDA /* CoreText.framework in Frameworks */,
				A12E73CC17E8257500963CDA /* GLKit.framework in Frameworks */,
				A12E73CD17E8257500963CDA /* ImageIO.framework in Frameworks */,
				A12E73A217E8214300963CDA /* UIKit.framework in Frameworks */,
				A12E73A417E8214300963CDA /* Foundation.framework in Frameworks */,
				A12E73BF17E8240F00963CDA /* GoogleMaps.framework in Frameworks */,
			);
			runOnlyForDeploymentPostprocessing = 0;
		};
/* End PBXFrameworksBuildPhase section */

/* Begin PBXGroup section */
		A10B3E4B1828E267002C7A81 /* Image */ = {
			isa = PBXGroup;
			children = (
				DAC1B88B183F6EBF005FCEA8 /* BTO.jpg */,
				DAC1B89D183F89B8005FCEA8 /* button1.png */,
				DAC1B89E183F89B8005FCEA8 /* button2.png */,
				A10B3E451828DC44002C7A81 /* changeDetail.png */,
				A10B3E431828D933002C7A81 /* BTOdetail.png */,
				A10B3E471828DE30002C7A81 /* retire.png */,
				A10B3E491828E25E002C7A81 /* discover.png */,
			);
			name = Image;
			sourceTree = "<group>";
		};
		A12E739517E8214300963CDA = {
			isa = PBXGroup;
			children = (
				A12E73A717E8214300963CDA /* BTO */,
				A12E73A017E8214300963CDA /* Frameworks */,
				A12E739F17E8214300963CDA /* Products */,
			);
			sourceTree = "<group>";
		};
		A12E739F17E8214300963CDA /* Products */ = {
			isa = PBXGroup;
			children = (
				A12E739E17E8214300963CDA /* BTO.app */,
			);
			name = Products;
			sourceTree = "<group>";
		};
		A12E73A017E8214300963CDA /* Frameworks */ = {
			isa = PBXGroup;
			children = (
				A12E73DD17E8299B00963CDA /* libc++.dylib */,
				A12E73CE17E825C300963CDA /* libicucore.dylib */,
				A12E73D017E825C300963CDA /* libz.dylib */,
				A12E73D117E825C300963CDA /* OpenGLES.framework */,
				A12E73D217E825C300963CDA /* QuartzCore.framework */,
				A12E73D317E825C300963CDA /* SystemConfiguration.framework */,
				A12E73C217E8257500963CDA /* AVFoundation.framework */,
				A12E73C317E8257500963CDA /* CoreData.framework */,
				A12E73C417E8257500963CDA /* CoreLocation.framework */,
				A12E73C517E8257500963CDA /* CoreText.framework */,
				A12E73C617E8257500963CDA /* GLKit.framework */,
				A12E73C717E8257500963CDA /* ImageIO.framework */,
				A12E73C017E8243F00963CDA /* GoogleMaps.bundle */,
				A12E73BE17E8240F00963CDA /* GoogleMaps.framework */,
				A12E73A117E8214300963CDA /* UIKit.framework */,
				A12E73A317E8214300963CDA /* Foundation.framework */,
				A12E73A517E8214300963CDA /* CoreGraphics.framework */,
			);
			name = Frameworks;
			sourceTree = "<group>";
		};
		A12E73A717E8214300963CDA /* BTO */ = {
			isa = PBXGroup;
			children = (
				A12E73B017E8214300963CDA /* AppDelegate.h */,
				A12E73B117E8214300963CDA /* AppDelegate.m */,
				A12E73DA17E8264D00963CDA /* RootViewController.h */,
				A12E73DB17E8264D00963CDA /* RootViewController.m */,
				A10B3E4B1828E267002C7A81 /* Image */,
				A1A419E917F48A4400157939 /* COMMON */,
				A12E745117E9820200963CDA /* ForSearcherView */,
				A12E745B17E982EE00963CDA /* ForBTOView */,
				A19FA746180979C6005E68CB /* SVProgressHUD */,
				A12E744A17E97BF000963CDA /* HTTP */,
				A12E73DF17E831A700963CDA /* SSGentleAlertView */,
				A12E73A817E8214300963CDA /* Supporting Files */,
			);
			path = BTO;
			sourceTree = "<group>";
		};
		A12E73A817E8214300963CDA /* Supporting Files */ = {
			isa = PBXGroup;
			children = (
				A19FA749180D1AAD005E68CB /* Icon.png */,
				A19FA747180D1A17005E68CB /* Icon@2x.png */,
				A12E73A917E8214300963CDA /* BTO-Info.plist */,
				A12E73AA17E8214300963CDA /* InfoPlist.strings */,
				A12E73AD17E8214300963CDA /* main.m */,
				A12E73AF17E8214300963CDA /* BTO-Prefix.pch */,
				DA4D054E17F86100004DD083 /* btnR10.png */,
				A12E73B317E8214300963CDA /* Default.png */,
				A12E73B517E8214300963CDA /* Default@2x.png */,
				A12E73B717E8214300963CDA /* Default-568h@2x.png */,
			);
			name = "Supporting Files";
			sourceTree = "<group>";
		};
		A12E73DF17E831A700963CDA /* SSGentleAlertView */ = {
			isa = PBXGroup;
			children = (
				A12E73E017E831A700963CDA /* SSDialogView.h */,
				A12E73E117E831A700963CDA /* SSDialogView.m */,
				A12E73E217E831A700963CDA /* SSGentleAlertView.h */,
				A12E73E317E831A700963CDA /* SSGentleAlertView.m */,
				A12E73E417E831A700963CDA /* SSGentleAlertViewBlack */,
				A12E73E817E831A700963CDA /* SSGentleAlertViewDefault */,
				A12E73EC17E831A700963CDA /* SSGentleAlertViewNative */,
				A12E73F017E831A700963CDA /* SSGentleAlertViewStyle.h */,
				A12E73F117E831A700963CDA /* SSOverlayWindow.h */,
				A12E73F217E831A700963CDA /* SSOverlayWindow.m */,
			);
			path = SSGentleAlertView;
			sourceTree = "<group>";
		};
		A12E73E417E831A700963CDA /* SSGentleAlertViewBlack */ = {
			isa = PBXGroup;
			children = (
				A12E73E517E831A700963CDA /* SSGentleAlertButtonBlack.xib */,
				A12E73E617E831A700963CDA /* SSGentleAlertViewBlack.bundle */,
				A12E73E717E831A700963CDA /* SSGentleAlertViewBlack.xib */,
			);
			path = SSGentleAlertViewBlack;
			sourceTree = "<group>";
		};
		A12E73E817E831A700963CDA /* SSGentleAlertViewDefault */ = {
			isa = PBXGroup;
			children = (
				A12E73E917E831A700963CDA /* SSGentleAlertButtonDefault.xib */,
				A12E73EA17E831A700963CDA /* SSGentleAlertViewDefault.bundle */,
				A12E73EB17E831A700963CDA /* SSGentleAlertViewDefault.xib */,
			);
			path = SSGentleAlertViewDefault;
			sourceTree = "<group>";
		};
		A12E73EC17E831A700963CDA /* SSGentleAlertViewNative */ = {
			isa = PBXGroup;
			children = (
				A12E73ED17E831A700963CDA /* SSGentleAlertButtonNative.xib */,
				A12E73EE17E831A700963CDA /* SSGentleAlertViewNative.bundle */,
				A12E73EF17E831A700963CDA /* SSGentleAlertViewNative.xib */,
			);
			path = SSGentleAlertViewNative;
			sourceTree = "<group>";
		};
		A12E744A17E97BF000963CDA /* HTTP */ = {
			isa = PBXGroup;
			children = (
				A12E744717E97BD200963CDA /* R9HTTPRequest.h */,
				A12E744817E97BD200963CDA /* R9HTTPRequest.m */,
			);
			name = HTTP;
			sourceTree = "<group>";
		};
		A12E745117E9820200963CDA /* ForSearcherView */ = {
			isa = PBXGroup;
			children = (
				A12E744B17E9808C00963CDA /* SearchViewController.h */,
				A12E744C17E9808C00963CDA /* SearchViewController.m */,
				A12E744E17E9814600963CDA /* MissionViewController.h */,
				A12E744F17E9814600963CDA /* MissionViewController.m */,
			);
			name = ForSearcherView;
			sourceTree = "<group>";
		};
		A12E745B17E982EE00963CDA /* ForBTOView */ = {
			isa = PBXGroup;
			children = (
				A12E745517E9828500963CDA /* MakeBTOViewController.h */,
				A12E745617E9828500963CDA /* MakeBTOViewController.m */,
				A12E745817E982BC00963CDA /* MissionForBTOViewController.h */,
				A12E745917E982BC00963CDA /* MissionForBTOViewController.m */,
				A1A0F829180566770056C2F5 /* EditViewController.h */,
				A1A0F82A180566770056C2F5 /* EditViewController.m */,
			);
			name = ForBTOView;
			sourceTree = "<group>";
		};
		A19FA746180979C6005E68CB /* SVProgressHUD */ = {
			isa = PBXGroup;
			children = (
				A19FA741180979AC005E68CB /* SVProgressHUD.bundle */,
				A19FA742180979AC005E68CB /* SVProgressHUD.h */,
				A19FA743180979AC005E68CB /* SVProgressHUD.m */,
			);
			name = SVProgressHUD;
			sourceTree = "<group>";
		};
		A1A419E917F48A4400157939 /* COMMON */ = {
			isa = PBXGroup;
			children = (
				A1A419E617F436D000157939 /* UserDefaultAcceess.h */,
				A1A419E717F436D000157939 /* UserDefaultAcceess.m */,
				A12E745C17E9F31400963CDA /* DataBaseAccess.h */,
				A12E745D17E9F31400963CDA /* DataBaseAccess.m */,
				A1AF0B80180536F10057402D /* Base64.h */,
				A1AF0B81180536F10057402D /* Base64.m */,
			);
			name = COMMON;
			sourceTree = "<group>";
		};
/* End PBXGroup section */

/* Begin PBXNativeTarget section */
		A12E739D17E8214300963CDA /* BTO */ = {
			isa = PBXNativeTarget;
			buildConfigurationList = A12E73BB17E8214300963CDA /* Build configuration list for PBXNativeTarget "BTO" */;
			buildPhases = (
				A12E739A17E8214300963CDA /* Sources */,
				A12E739B17E8214300963CDA /* Frameworks */,
				A12E739C17E8214300963CDA /* Resources */,
			);
			buildRules = (
			);
			dependencies = (
			);
			name = BTO;
			productName = BTO;
			productReference = A12E739E17E8214300963CDA /* BTO.app */;
			productType = "com.apple.product-type.application";
		};
/* End PBXNativeTarget section */

/* Begin PBXProject section */
		A12E739617E8214300963CDA /* Project object */ = {
			isa = PBXProject;
			attributes = {
				LastUpgradeCheck = 0460;
				ORGANIZATIONNAME = AMI;
			};
			buildConfigurationList = A12E739917E8214300963CDA /* Build configuration list for PBXProject "BTO" */;
			compatibilityVersion = "Xcode 3.2";
			developmentRegion = English;
			hasScannedForEncodings = 0;
			knownRegions = (
				en,
			);
			mainGroup = A12E739517E8214300963CDA;
			productRefGroup = A12E739F17E8214300963CDA /* Products */;
			projectDirPath = "";
			projectRoot = "";
			targets = (
				A12E739D17E8214300963CDA /* BTO */,
			);
		};
/* End PBXProject section */

/* Begin PBXResourcesBuildPhase section */
		A12E739C17E8214300963CDA /* Resources */ = {
			isa = PBXResourcesBuildPhase;
			buildActionMask = 2147483647;
			files = (
				A12E73AC17E8214300963CDA /* InfoPlist.strings in Resources */,
				A12E73B417E8214300963CDA /* Default.png in Resources */,
				A12E73B617E8214300963CDA /* Default@2x.png in Resources */,
				A12E73B817E8214300963CDA /* Default-568h@2x.png in Resources */,
				A12E73C117E8243F00963CDA /* GoogleMaps.bundle in Resources */,
				A12E73F517E831A700963CDA /* SSGentleAlertButtonBlack.xib in Resources */,
				DAC1B88C183F6EBF005FCEA8 /* BTO.jpg in Resources */,
				A12E73F617E831A700963CDA /* SSGentleAlertViewBlack.bundle in Resources */,
				A12E73F717E831A700963CDA /* SSGentleAlertViewBlack.xib in Resources */,
				A12E73F817E831A700963CDA /* SSGentleAlertButtonDefault.xib in Resources */,
				A12E73F917E831A700963CDA /* SSGentleAlertViewDefault.bundle in Resources */,
				DAC1B89F183F89B8005FCEA8 /* button1.png in Resources */,
				A12E73FA17E831A700963CDA /* SSGentleAlertViewDefault.xib in Resources */,
				A12E73FB17E831A700963CDA /* SSGentleAlertButtonNative.xib in Resources */,
				A12E73FC17E831A700963CDA /* SSGentleAlertViewNative.bundle in Resources */,
				A12E73FD17E831A700963CDA /* SSGentleAlertViewNative.xib in Resources */,
				DA4D054F17F86100004DD083 /* btnR10.png in Resources */,
				DAC1B8A0183F89B8005FCEA8 /* button2.png in Resources */,
				A19FA744180979AC005E68CB /* SVProgressHUD.bundle in Resources */,
				A19FA748180D1A18005E68CB /* Icon@2x.png in Resources */,
				A19FA74A180D1AAD005E68CB /* Icon.png in Resources */,
				A10B3E441828D933002C7A81 /* BTOdetail.png in Resources */,
				A10B3E461828DC44002C7A81 /* changeDetail.png in Resources */,
				A10B3E481828DE30002C7A81 /* retire.png in Resources */,
				A10B3E4A1828E25E002C7A81 /* discover.png in Resources */,
			);
			runOnlyForDeploymentPostprocessing = 0;
		};
/* End PBXResourcesBuildPhase section */

/* Begin PBXSourcesBuildPhase section */
		A12E739A17E8214300963CDA /* Sources */ = {
			isa = PBXSourcesBuildPhase;
			buildActionMask = 2147483647;
			files = (
				A12E73AE17E8214300963CDA /* main.m in Sources */,
				A12E73B217E8214300963CDA /* AppDelegate.m in Sources */,
				A12E73DC17E8264D00963CDA /* RootViewController.m in Sources */,
				A12E73F317E831A700963CDA /* SSDialogView.m in Sources */,
				A12E73F417E831A700963CDA /* SSGentleAlertView.m in Sources */,
				A12E73FE17E831A700963CDA /* SSOverlayWindow.m in Sources */,
				A12E744917E97BD200963CDA /* R9HTTPRequest.m in Sources */,
				A12E744D17E9808C00963CDA /* SearchViewController.m in Sources */,
				A12E745017E9814600963CDA /* MissionViewController.m in Sources */,
				A12E745717E9828500963CDA /* MakeBTOViewController.m in Sources */,
				A12E745A17E982BC00963CDA /* MissionForBTOViewController.m in Sources */,
				A12E745E17E9F31500963CDA /* DataBaseAccess.m in Sources */,
				A1A419E817F436D000157939 /* UserDefaultAcceess.m in Sources */,
				A1AF0B82180536F10057402D /* Base64.m in Sources */,
				A1A0F82B180566770056C2F5 /* EditViewController.m in Sources */,
				A19FA745180979AC005E68CB /* SVProgressHUD.m in Sources */,
			);
			runOnlyForDeploymentPostprocessing = 0;
		};
/* End PBXSourcesBuildPhase section */

/* Begin PBXVariantGroup section */
		A12E73AA17E8214300963CDA /* InfoPlist.strings */ = {
			isa = PBXVariantGroup;
			children = (
				A12E73AB17E8214300963CDA /* en */,
			);
			name = InfoPlist.strings;
			sourceTree = "<group>";
		};
/* End PBXVariantGroup section */

/* Begin XCBuildConfiguration section */
		A12E73B917E8214300963CDA /* Debug */ = {
			isa = XCBuildConfiguration;
			buildSettings = {
				ALWAYS_SEARCH_USER_PATHS = NO;
				CLANG_CXX_LANGUAGE_STANDARD = "gnu++0x";
				CLANG_CXX_LIBRARY = "libc++";
				CLANG_ENABLE_OBJC_ARC = YES;
				CLANG_WARN_CONSTANT_CONVERSION = YES;
				CLANG_WARN_EMPTY_BODY = YES;
				CLANG_WARN_ENUM_CONVERSION = YES;
				CLANG_WARN_INT_CONVERSION = YES;
				CLANG_WARN__DUPLICATE_METHOD_MATCH = YES;
				"CODE_SIGN_IDENTITY[sdk=iphoneos*]" = "iPhone Developer";
				COPY_PHASE_STRIP = NO;
				GCC_C_LANGUAGE_STANDARD = gnu99;
				GCC_DYNAMIC_NO_PIC = NO;
				GCC_OPTIMIZATION_LEVEL = 0;
				GCC_PREPROCESSOR_DEFINITIONS = (
					"DEBUG=1",
					"$(inherited)",
				);
				GCC_SYMBOLS_PRIVATE_EXTERN = NO;
				GCC_WARN_ABOUT_RETURN_TYPE = YES;
				GCC_WARN_UNINITIALIZED_AUTOS = YES;
				GCC_WARN_UNUSED_VARIABLE = YES;
				IPHONEOS_DEPLOYMENT_TARGET = 6.1;
				ONLY_ACTIVE_ARCH = YES;
				SDKROOT = iphoneos;
				VALID_ARCHS = "armv7 armv7s";
			};
			name = Debug;
		};
		A12E73BA17E8214300963CDA /* Release */ = {
			isa = XCBuildConfiguration;
			buildSettings = {
				ALWAYS_SEARCH_USER_PATHS = NO;
				CLANG_CXX_LANGUAGE_STANDARD = "gnu++0x";
				CLANG_CXX_LIBRARY = "libc++";
				CLANG_ENABLE_OBJC_ARC = YES;
				CLANG_WARN_CONSTANT_CONVERSION = YES;
				CLANG_WARN_EMPTY_BODY = YES;
				CLANG_WARN_ENUM_CONVERSION = YES;
				CLANG_WARN_INT_CONVERSION = YES;
				CLANG_WARN__DUPLICATE_METHOD_MATCH = YES;
				"CODE_SIGN_IDENTITY[sdk=iphoneos*]" = "iPhone Developer";
				COPY_PHASE_STRIP = YES;
				GCC_C_LANGUAGE_STANDARD = gnu99;
				GCC_WARN_ABOUT_RETURN_TYPE = YES;
				GCC_WARN_UNINITIALIZED_AUTOS = YES;
				GCC_WARN_UNUSED_VARIABLE = YES;
				IPHONEOS_DEPLOYMENT_TARGET = 6.1;
				OTHER_CFLAGS = "-DNS_BLOCK_ASSERTIONS=1";
				SDKROOT = iphoneos;
				VALIDATE_PRODUCT = YES;
				VALID_ARCHS = "armv7 armv7s";
			};
			name = Release;
		};
		A12E73BC17E8214300963CDA /* Debug */ = {
			isa = XCBuildConfiguration;
			buildSettings = {
				CODE_SIGN_IDENTITY = "iPhone Developer";
				FRAMEWORK_SEARCH_PATHS = (
					"$(inherited)",
					"\"$(SRCROOT)/BTO\"",
				);
				GCC_PRECOMPILE_PREFIX_HEADER = YES;
				GCC_PREFIX_HEADER = "BTO/BTO-Prefix.pch";
				IBC_OTHER_FLAGS = "";
				INFOPLIST_FILE = "BTO/BTO-Info.plist";
				IPHONEOS_DEPLOYMENT_TARGET = 6.1;
				OTHER_LDFLAGS = "-ObjC";
				PRODUCT_NAME = "$(TARGET_NAME)";
				VALID_ARCHS = "armv7 armv7s";
				WRAPPER_EXTENSION = app;
			};
			name = Debug;
		};
		A12E73BD17E8214300963CDA /* Release */ = {
			isa = XCBuildConfiguration;
			buildSettings = {
				CODE_SIGN_IDENTITY = "iPhone Developer";
				FRAMEWORK_SEARCH_PATHS = (
					"$(inherited)",
					"\"$(SRCROOT)/BTO\"",
				);
				GCC_PRECOMPILE_PREFIX_HEADER = YES;
				GCC_PREFIX_HEADER = "BTO/BTO-Prefix.pch";
				IBC_OTHER_FLAGS = "";
				INFOPLIST_FILE = "BTO/BTO-Info.plist";
				IPHONEOS_DEPLOYMENT_TARGET = 6.1;
				OTHER_LDFLAGS = "-ObjC";
				PRODUCT_NAME = "$(TARGET_NAME)";
				VALID_ARCHS = "armv7 armv7s";
				WRAPPER_EXTENSION = app;
			};
			name = Release;
		};
/* End XCBuildConfiguration section */

/* Begin XCConfigurationList section */
		A12E739917E8214300963CDA /* Build configuration list for PBXProject "BTO" */ = {
			isa = XCConfigurationList;
			buildConfigurations = (
				A12E73B917E8214300963CDA /* Debug */,
				A12E73BA17E8214300963CDA /* Release */,
			);
			defaultConfigurationIsVisible = 0;
			defaultConfigurationName = Release;
		};
		A12E73BB17E8214300963CDA /* Build configuration list for PBXNativeTarget "BTO" */ = {
			isa = XCConfigurationList;
			buildConfigurations = (
				A12E73BC17E8214300963CDA /* Debug */,
				A12E73BD17E8214300963CDA /* Release */,
			);
			defaultConfigurationIsVisible = 0;
			defaultConfigurationName = Release;
		};
/* End XCConfigurationList section */
	};
	rootObject = A12E739617E8214300963CDA /* Project object */;
}
