// !$*UTF8*$!
{
	archiveVersion = 1;
	classes = {
	};
	objectVersion = 46;
	objects = {

/* Begin PBXBuildFile section */
		A12E73A217E8214300963CDA /* UIKit.framework in Frameworks */ = {isa = PBXBuildFile; fileRef = A12E73A117E8214300963CDA /* UIKit.framework */; };
		A12E73A417E8214300963CDA /* Foundation.framework in Frameworks */ = {isa = PBXBuildFile; fileRef = A12E73A317E8214300963CDA /* Foundation.framework */; };
		A12E73A617E8214300963CDA /* CoreGraphics.framework in Frameworks */ = {isa = PBXBuildFile; fileRef = A12E73A517E8214300963CDA /* CoreGraphics.framework */; };
		A12E73AC17E8214300963CDA /* InfoPlist.strings in Resources */ = {isa = PBXBuildFile; fileRef = A12E73AA17E8214300963CDA /* InfoPlist.strings */; };
		A12E73AE17E8214300963CDA /* main.m in Sources */ = {isa = PBXBuildFile; fileRef = A12E73AD17E8214300963CDA /* main.m */; };
		A12E73B217E8214300963CDA /* AppDelegate.m in Sources */ = {isa = PBXBuildFile; fileRef = A12E73B117E8214300963CDA /* AppDelegate.m */; };
		A12E73B417E8214300963CDA /* Default.png in Resources */ = {isa = PBXBuildFile; fileRef = A12E73B317E8214300963CDA /* Default.png */; };
		A12E73B617E8214300963CDA /* Default@2x.png in Resources */ = {isa = PBXBuildFile; fileRef = A12E73B517E8214300963CDA /* Default@2x.png */; };
		A12E73B817E8214300963CDA /* Default-568h@2x.png in Resources */ = {isa = PBXBuildFile; fileRef = A12E73B717E8214300963CDA /* Default-568h@2x.png */; };
		A12E73BF17E8240F00963CDA /* GoogleMaps.framework in Frameworks */ = {isa = PBXBuildFile; fileRef = A12E73BE17E8240F00963CDA /* GoogleMaps.framework */; };
		A12E73C117E8243F00963CDA /* GoogleMaps.bundle in Resources */ = {isa = PBXBuildFile; fileRef = A12E73C017E8243F00963CDA /* GoogleMaps.bundle */; };
		A12E73C817E8257500963CDA /* AVFoundation.framework in Frameworks */ = {isa = PBXBuildFile; fileRef = A12E73C217E8257500963CDA /* AVFoundation.framework */; };
		A12E73C917E8257500963CDA /* CoreData.framework in Frameworks */ = {isa = PBXBuildFile; fileRef = A12E73C317E8257500963CDA /* CoreData.framework */; };
		A12E73CA17E8257500963CDA /* CoreLocation.framework in Frameworks */ = {isa = PBXBuildFile; fileRef = A12E73C417E8257500963CDA /* CoreLocation.framework */; };
		A12E73CB17E8257500963CDA /* CoreText.framework in Frameworks */ = {isa = PBXBuildFile; fileRef = A12E73C517E8257500963CDA /* CoreText.framework */; };
		A12E73CC17E8257500963CDA /* GLKit.framework in Frameworks */ = {isa = PBXBuildFile; fileRef = A12E73C617E8257500963CDA /* GLKit.framework */; };
		A12E73CD17E8257500963CDA /* ImageIO.framework in Frameworks */ = {isa = PBXBuildFile; fileRef = A12E73C717E8257500963CDA /* ImageIO.framework */; };
		A12E73D417E825C300963CDA /* libicucore.dylib in Frameworks */ = {isa = PBXBuildFile; fileRef = A12E73CE17E825C300963CDA /* libicucore.dylib */; };
		A12E73D617E825C300963CDA /* libz.dylib in Frameworks */ = {isa = PBXBuildFile; fileRef = A12E73D017E825C300963CDA /* libz.dylib */; };
		A12E73D717E825C300963CDA /* OpenGLES.framework in Frameworks */ = {isa = PBXBuildFile; fileRef = A12E73D117E825C300963CDA /* OpenGLES.framework */; };
		A12E73D817E825C300963CDA /* QuartzCore.framework in Frameworks */ = {isa = PBXBuildFile; fileRef = A12E73D217E825C300963CDA /* QuartzCore.framework */; };
		A12E73D917E825C300963CDA /* SystemConfiguration.framework in Frameworks */ = {isa = PBXBuildFile; fileRef = A12E73D317E825C300963CDA /* SystemConfiguration.framework */; };
		A12E73DC17E8264D00963CDA /* RootViewController.m in Sources */ = {isa = PBXBuildFile; fileRef = A12E73DB17E8264D00963CDA /* RootViewController.m */; };
		A12E73DE17E8299B00963CDA /* libc++.dylib in Frameworks */ = {isa = PBXBuildFile; fileRef = A12E73DD17E8299B00963CDA /* libc++.dylib */; };
		A12E73F317E831A700963CDA /* SSDialogView.m in Sources */ = {isa = PBXBuildFile; fileRef = A12E73E117E831A700963CDA /* SSDialogView.m */; };
		A12E73F417E831A700963CDA /* SSGentleAlertView.m in Sources */ = {isa = PBXBuildFile; fileRef = A12E73E317E831A700963CDA /* SSGentleAlertView.m */; };
		A12E73F517E831A700963CDA /* SSGentleAlertButtonBlack.xib in Resources */ = {isa = PBXBuildFile; fileRef = A12E73E517E831A700963CDA /* SSGentleAlertButtonBlack.xib */; };
		A12E73F617E831A700963CDA /* SSGentleAlertViewBlack.bundle in Resources */ = {isa = PBXBuildFile; fileRef = A12E73E617E831A700963CDA /* SSGentleAlertViewBlack.bundle */; };
		A12E73F717E831A700963CDA /* SSGentleAlertViewBlack.xib in Resources */ = {isa = PBXBuildFile; fileRef = A12E73E717E831A700963CDA /* SSGentleAlertViewBlack.xib */; };
		A12E73F817E831A700963CDA /* SSGentleAlertButtonDefault.xib in Resources */ = {isa = PBXBuildFile; fileRef = A12E73E917E831A700963CDA /* SSGentleAlertButtonDefault.xib */; };
		A12E73F917E831A700963CDA /* SSGentleAlertViewDefault.bundle in Resources */ = {isa = PBXBuildFile; fileRef = A12E73EA17E831A700963CDA /* SSGentleAlertViewDefault.bundle */; };
		A12E73FA17E831A700963CDA /* SSGentleAlertViewDefault.xib in Resources */ = {isa = PBXBuildFile; fileRef = A12E73EB17E831A700963CDA /* SSGentleAlertViewDefault.xib */; };
		A12E73FB17E831A700963CDA /* SSGentleAlertButtonNative.xib in Resources */ = {isa = PBXBuildFile; fileRef = A12E73ED17E831A700963CDA /* SSGentleAlertButtonNative.xib */; };
		A12E73FC17E831A700963CDA /* SSGentleAlertViewNative.bundle in Resources */ = {isa = PBXBuildFile; fileRef = A12E73EE17E831A700963CDA /* SSGentleAlertViewNative.bundle */; };
		A12E73FD17E831A700963CDA /* SSGentleAlertViewNative.xib in Resources */ = {isa = PBXBuildFile; fileRef = A12E73EF17E831A700963CDA /* SSGentleAlertViewNative.xib */; };
		A12E73FE17E831A700963CDA /* SSOverlayWindow.m in Sources */ = {isa = PBXBuildFile; fileRef = A12E73F217E831A700963CDA /* SSOverlayWindow.m */; };
		A12E743C17E9758000963CDA /* AFHTTPClient.m in Sources */ = {isa = PBXBuildFile; fileRef = A12E742A17E9758000963CDA /* AFHTTPClient.m */; };
		A12E743D17E9758000963CDA /* AFHTTPRequestOperation.m in Sources */ = {isa = PBXBuildFile; fileRef = A12E742C17E9758000963CDA /* AFHTTPRequestOperation.m */; };
		A12E743E17E9758000963CDA /* AFImageRequestOperation.m in Sources */ = {isa = PBXBuildFile; fileRef = A12E742E17E9758000963CDA /* AFImageRequestOperation.m */; };
		A12E743F17E9758000963CDA /* AFJSONRequestOperation.m in Sources */ = {isa = PBXBuildFile; fileRef = A12E743017E9758000963CDA /* AFJSONRequestOperation.m */; };
		A12E744017E9758000963CDA /* AFNetworkActivityIndicatorManager.m in Sources */ = {isa = PBXBuildFile; fileRef = A12E743217E9758000963CDA /* AFNetworkActivityIndicatorManager.m */; };
		A12E744117E9758000963CDA /* AFPropertyListRequestOperation.m in Sources */ = {isa = PBXBuildFile; fileRef = A12E743517E9758000963CDA /* AFPropertyListRequestOperation.m */; };
		A12E744217E9758000963CDA /* AFURLConnectionOperation.m in Sources */ = {isa = PBXBuildFile; fileRef = A12E743717E9758000963CDA /* AFURLConnectionOperation.m */; };
		A12E744317E9758000963CDA /* AFXMLRequestOperation.m in Sources */ = {isa = PBXBuildFile; fileRef = A12E743917E9758000963CDA /* AFXMLRequestOperation.m */; };
		A12E744417E9758000963CDA /* UIImageView+AFNetworking.m in Sources */ = {isa = PBXBuildFile; fileRef = A12E743B17E9758000963CDA /* UIImageView+AFNetworking.m */; };
		A12E744617E975F300963CDA /* MobileCoreServices.framework in Frameworks */ = {isa = PBXBuildFile; fileRef = A12E744517E975F300963CDA /* MobileCoreServices.framework */; };
/* End PBXBuildFile section */

/* Begin PBXFileReference section */
		A12E739E17E8214300963CDA /* BTO.app */ = {isa = PBXFileReference; explicitFileType = wrapper.application; includeInIndex = 0; path = BTO.app; sourceTree = BUILT_PRODUCTS_DIR; };
		A12E73A117E8214300963CDA /* UIKit.framework */ = {isa = PBXFileReference; lastKnownFileType = wrapper.framework; name = UIKit.framework; path = System/Library/Frameworks/UIKit.framework; sourceTree = SDKROOT; };
		A12E73A317E8214300963CDA /* Foundation.framework */ = {isa = PBXFileReference; lastKnownFileType = wrapper.framework; name = Foundation.framework; path = System/Library/Frameworks/Foundation.framework; sourceTree = SDKROOT; };
		A12E73A517E8214300963CDA /* CoreGraphics.framework */ = {isa = PBXFileReference; lastKnownFileType = wrapper.framework; name = CoreGraphics.framework; path = System/Library/Frameworks/CoreGraphics.framework; sourceTree = SDKROOT; };
		A12E73A917E8214300963CDA /* BTO-Info.plist */ = {isa = PBXFileReference; lastKnownFileType = text.plist.xml; path = "BTO-Info.plist"; sourceTree = "<group>"; };
		A12E73AB17E8214300963CDA /* en */ = {isa = PBXFileReference; lastKnownFileType = text.plist.strings; name = en; path = en.lproj/InfoPlist.strings; sourceTree = "<group>"; };
		A12E73AD17E8214300963CDA /* main.m */ = {isa = PBXFileReference; lastKnownFileType = sourcecode.c.objc; path = main.m; sourceTree = "<group>"; };
		A12E73AF17E8214300963CDA /* BTO-Prefix.pch */ = {isa = PBXFileReference; lastKnownFileType = sourcecode.c.h; path = "BTO-Prefix.pch"; sourceTree = "<group>"; };
		A12E73B017E8214300963CDA /* AppDelegate.h */ = {isa = PBXFileReference; lastKnownFileType = sourcecode.c.h; path = AppDelegate.h; sourceTree = "<group>"; };
		A12E73B117E8214300963CDA /* AppDelegate.m */ = {isa = PBXFileReference; lastKnownFileType = sourcecode.c.objc; path = AppDelegate.m; sourceTree = "<group>"; };
		A12E73B317E8214300963CDA /* Default.png */ = {isa = PBXFileReference; lastKnownFileType = image.png; path = Default.png; sourceTree = "<group>"; };
		A12E73B517E8214300963CDA /* Default@2x.png */ = {isa = PBXFileReference; lastKnownFileType = image.png; path = "Default@2x.png"; sourceTree = "<group>"; };
		A12E73B717E8214300963CDA /* Default-568h@2x.png */ = {isa = PBXFileReference; lastKnownFileType = image.png; path = "Default-568h@2x.png"; sourceTree = "<group>"; };
		A12E73BE17E8240F00963CDA /* GoogleMaps.framework */ = {isa = PBXFileReference; lastKnownFileType = wrapper.framework; name = GoogleMaps.framework; path = BTO/GoogleMaps.framework; sourceTree = "<group>"; };
		A12E73C017E8243F00963CDA /* GoogleMaps.bundle */ = {isa = PBXFileReference; lastKnownFileType = "wrapper.plug-in"; name = GoogleMaps.bundle; path = BTO/GoogleMaps.framework/Versions/A/Resources/GoogleMaps.bundle; sourceTree = "<group>"; };
		A12E73C217E8257500963CDA /* AVFoundation.framework */ = {isa = PBXFileReference; lastKnownFileType = wrapper.framework; name = AVFoundation.framework; path = System/Library/Frameworks/AVFoundation.framework; sourceTree = SDKROOT; };
		A12E73C317E8257500963CDA /* CoreData.framework */ = {isa = PBXFileReference; lastKnownFileType = wrapper.framework; name = CoreData.framework; path = System/Library/Frameworks/CoreData.framework; sourceTree = SDKROOT; };
		A12E73C417E8257500963CDA /* CoreLocation.framework */ = {isa = PBXFileReference; lastKnownFileType = wrapper.framework; name = CoreLocation.framework; path = System/Library/Frameworks/CoreLocation.framework; sourceTree = SDKROOT; };
		A12E73C517E8257500963CDA /* CoreText.framework */ = {isa = PBXFileReference; lastKnownFileType = wrapper.framework; name = CoreText.framework; path = System/Library/Frameworks/CoreText.framework; sourceTree = SDKROOT; };
		A12E73C617E8257500963CDA /* GLKit.framework */ = {isa = PBXFileReference; lastKnownFileType = wrapper.framework; name = GLKit.framework; path = System/Library/Frameworks/GLKit.framework; sourceTree = SDKROOT; };
		A12E73C717E8257500963CDA /* ImageIO.framework */ = {isa = PBXFileReference; lastKnownFileType = wrapper.framework; name = ImageIO.framework; path = System/Library/Frameworks/ImageIO.framework; sourceTree = SDKROOT; };
		A12E73CE17E825C300963CDA /* libicucore.dylib */ = {isa = PBXFileReference; lastKnownFileType = "compiled.mach-o.dylib"; name = libicucore.dylib; path = usr/lib/libicucore.dylib; sourceTree = SDKROOT; };
		A12E73D017E825C300963CDA /* libz.dylib */ = {isa = PBXFileReference; lastKnownFileType = "compiled.mach-o.dylib"; name = libz.dylib; path = usr/lib/libz.dylib; sourceTree = SDKROOT; };
		A12E73D117E825C300963CDA /* OpenGLES.framework */ = {isa = PBXFileReference; lastKnownFileType = wrapper.framework; name = OpenGLES.framework; path = System/Library/Frameworks/OpenGLES.framework; sourceTree = SDKROOT; };
		A12E73D217E825C300963CDA /* QuartzCore.framework */ = {isa = PBXFileReference; lastKnownFileType = wrapper.framework; name = QuartzCore.framework; path = System/Library/Frameworks/QuartzCore.framework; sourceTree = SDKROOT; };
		A12E73D317E825C300963CDA /* SystemConfiguration.framework */ = {isa = PBXFileReference; lastKnownFileType = wrapper.framework; name = SystemConfiguration.framework; path = System/Library/Frameworks/SystemConfiguration.framework; sourceTree = SDKROOT; };
		A12E73DA17E8264D00963CDA /* RootViewController.h */ = {isa = PBXFileReference; fileEncoding = 4; lastKnownFileType = sourcecode.c.h; path = RootViewController.h; sourceTree = "<group>"; };
		A12E73DB17E8264D00963CDA /* RootViewController.m */ = {isa = PBXFileReference; fileEncoding = 4; lastKnownFileType = sourcecode.c.objc; path = RootViewController.m; sourceTree = "<group>"; };
		A12E73DD17E8299B00963CDA /* libc++.dylib */ = {isa = PBXFileReference; lastKnownFileType = "compiled.mach-o.dylib"; name = "libc++.dylib"; path = "usr/lib/libc++.dylib"; sourceTree = SDKROOT; };
		A12E73E017E831A700963CDA /* SSDialogView.h */ = {isa = PBXFileReference; fileEncoding = 4; lastKnownFileType = sourcecode.c.h; path = SSDialogView.h; sourceTree = "<group>"; };
		A12E73E117E831A700963CDA /* SSDialogView.m */ = {isa = PBXFileReference; fileEncoding = 4; lastKnownFileType = sourcecode.c.objc; path = SSDialogView.m; sourceTree = "<group>"; };
		A12E73E217E831A700963CDA /* SSGentleAlertView.h */ = {isa = PBXFileReference; fileEncoding = 4; lastKnownFileType = sourcecode.c.h; path = SSGentleAlertView.h; sourceTree = "<group>"; };
		A12E73E317E831A700963CDA /* SSGentleAlertView.m */ = {isa = PBXFileReference; fileEncoding = 4; lastKnownFileType = sourcecode.c.objc; path = SSGentleAlertView.m; sourceTree = "<group>"; };
		A12E73E517E831A700963CDA /* SSGentleAlertButtonBlack.xib */ = {isa = PBXFileReference; fileEncoding = 4; lastKnownFileType = file.xib; path = SSGentleAlertButtonBlack.xib; sourceTree = "<group>"; };
		A12E73E617E831A700963CDA /* SSGentleAlertViewBlack.bundle */ = {isa = PBXFileReference; lastKnownFileType = "wrapper.plug-in"; path = SSGentleAlertViewBlack.bundle; sourceTree = "<group>"; };
		A12E73E717E831A700963CDA /* SSGentleAlertViewBlack.xib */ = {isa = PBXFileReference; fileEncoding = 4; lastKnownFileType = file.xib; path = SSGentleAlertViewBlack.xib; sourceTree = "<group>"; };
		A12E73E917E831A700963CDA /* SSGentleAlertButtonDefault.xib */ = {isa = PBXFileReference; fileEncoding = 4; lastKnownFileType = file.xib; path = SSGentleAlertButtonDefault.xib; sourceTree = "<group>"; };
		A12E73EA17E831A700963CDA /* SSGentleAlertViewDefault.bundle */ = {isa = PBXFileReference; lastKnownFileType = "wrapper.plug-in"; path = SSGentleAlertViewDefault.bundle; sourceTree = "<group>"; };
		A12E73EB17E831A700963CDA /* SSGentleAlertViewDefault.xib */ = {isa = PBXFileReference; fileEncoding = 4; lastKnownFileType = file.xib; path = SSGentleAlertViewDefault.xib; sourceTree = "<group>"; };
		A12E73ED17E831A700963CDA /* SSGentleAlertButtonNative.xib */ = {isa = PBXFileReference; fileEncoding = 4; lastKnownFileType = file.xib; path = SSGentleAlertButtonNative.xib; sourceTree = "<group>"; };
		A12E73EE17E831A700963CDA /* SSGentleAlertViewNative.bundle */ = {isa = PBXFileReference; lastKnownFileType = "wrapper.plug-in"; path = SSGentleAlertViewNative.bundle; sourceTree = "<group>"; };
		A12E73EF17E831A700963CDA /* SSGentleAlertViewNative.xib */ = {isa = PBXFileReference; fileEncoding = 4; lastKnownFileType = file.xib; path = SSGentleAlertViewNative.xib; sourceTree = "<group>"; };
		A12E73F017E831A700963CDA /* SSGentleAlertViewStyle.h */ = {isa = PBXFileReference; fileEncoding = 4; lastKnownFileType = sourcecode.c.h; path = SSGentleAlertViewStyle.h; sourceTree = "<group>"; };
		A12E73F117E831A700963CDA /* SSOverlayWindow.h */ = {isa = PBXFileReference; fileEncoding = 4; lastKnownFileType = sourcecode.c.h; path = SSOverlayWindow.h; sourceTree = "<group>"; };
		A12E73F217E831A700963CDA /* SSOverlayWindow.m */ = {isa = PBXFileReference; fileEncoding = 4; lastKnownFileType = sourcecode.c.objc; path = SSOverlayWindow.m; sourceTree = "<group>"; };
		A12E742917E9758000963CDA /* AFHTTPClient.h */ = {isa = PBXFileReference; fileEncoding = 4; lastKnownFileType = sourcecode.c.h; path = AFHTTPClient.h; sourceTree = "<group>"; };
		A12E742A17E9758000963CDA /* AFHTTPClient.m */ = {isa = PBXFileReference; fileEncoding = 4; lastKnownFileType = sourcecode.c.objc; path = AFHTTPClient.m; sourceTree = "<group>"; };
		A12E742B17E9758000963CDA /* AFHTTPRequestOperation.h */ = {isa = PBXFileReference; fileEncoding = 4; lastKnownFileType = sourcecode.c.h; path = AFHTTPRequestOperation.h; sourceTree = "<group>"; };
		A12E742C17E9758000963CDA /* AFHTTPRequestOperation.m */ = {isa = PBXFileReference; fileEncoding = 4; lastKnownFileType = sourcecode.c.objc; path = AFHTTPRequestOperation.m; sourceTree = "<group>"; };
		A12E742D17E9758000963CDA /* AFImageRequestOperation.h */ = {isa = PBXFileReference; fileEncoding = 4; lastKnownFileType = sourcecode.c.h; path = AFImageRequestOperation.h; sourceTree = "<group>"; };
		A12E742E17E9758000963CDA /* AFImageRequestOperation.m */ = {isa = PBXFileReference; fileEncoding = 4; lastKnownFileType = sourcecode.c.objc; path = AFImageRequestOperation.m; sourceTree = "<group>"; };
		A12E742F17E9758000963CDA /* AFJSONRequestOperation.h */ = {isa = PBXFileReference; fileEncoding = 4; lastKnownFileType = sourcecode.c.h; path = AFJSONRequestOperation.h; sourceTree = "<group>"; };
		A12E743017E9758000963CDA /* AFJSONRequestOperation.m */ = {isa = PBXFileReference; fileEncoding = 4; lastKnownFileType = sourcecode.c.objc; path = AFJSONRequestOperation.m; sourceTree = "<group>"; };
		A12E743117E9758000963CDA /* AFNetworkActivityIndicatorManager.h */ = {isa = PBXFileReference; fileEncoding = 4; lastKnownFileType = sourcecode.c.h; path = AFNetworkActivityIndicatorManager.h; sourceTree = "<group>"; };
		A12E743217E9758000963CDA /* AFNetworkActivityIndicatorManager.m */ = {isa = PBXFileReference; fileEncoding = 4; lastKnownFileType = sourcecode.c.objc; path = AFNetworkActivityIndicatorManager.m; sourceTree = "<group>"; };
		A12E743317E9758000963CDA /* AFNetworking.h */ = {isa = PBXFileReference; fileEncoding = 4; lastKnownFileType = sourcecode.c.h; path = AFNetworking.h; sourceTree = "<group>"; };
		A12E743417E9758000963CDA /* AFPropertyListRequestOperation.h */ = {isa = PBXFileReference; fileEncoding = 4; lastKnownFileType = sourcecode.c.h; path = AFPropertyListRequestOperation.h; sourceTree = "<group>"; };
		A12E743517E9758000963CDA /* AFPropertyListRequestOperation.m */ = {isa = PBXFileReference; fileEncoding = 4; lastKnownFileType = sourcecode.c.objc; path = AFPropertyListRequestOperation.m; sourceTree = "<group>"; };
		A12E743617E9758000963CDA /* AFURLConnectionOperation.h */ = {isa = PBXFileReference; fileEncoding = 4; lastKnownFileType = sourcecode.c.h; path = AFURLConnectionOperation.h; sourceTree = "<group>"; };
		A12E743717E9758000963CDA /* AFURLConnectionOperation.m */ = {isa = PBXFileReference; fileEncoding = 4; lastKnownFileType = sourcecode.c.objc; path = AFURLConnectionOperation.m; sourceTree = "<group>"; };
		A12E743817E9758000963CDA /* AFXMLRequestOperation.h */ = {isa = PBXFileReference; fileEncoding = 4; lastKnownFileType = sourcecode.c.h; path = AFXMLRequestOperation.h; sourceTree = "<group>"; };
		A12E743917E9758000963CDA /* AFXMLRequestOperation.m */ = {isa = PBXFileReference; fileEncoding = 4; lastKnownFileType = sourcecode.c.objc; path = AFXMLRequestOperation.m; sourceTree = "<group>"; };
		A12E743A17E9758000963CDA /* UIImageView+AFNetworking.h */ = {isa = PBXFileReference; fileEncoding = 4; lastKnownFileType = sourcecode.c.h; path = "UIImageView+AFNetworking.h"; sourceTree = "<group>"; };
		A12E743B17E9758000963CDA /* UIImageView+AFNetworking.m */ = {isa = PBXFileReference; fileEncoding = 4; lastKnownFileType = sourcecode.c.objc; path = "UIImageView+AFNetworking.m"; sourceTree = "<group>"; };
		A12E744517E975F300963CDA /* MobileCoreServices.framework */ = {isa = PBXFileReference; lastKnownFileType = wrapper.framework; name = MobileCoreServices.framework; path = System/Library/Frameworks/MobileCoreServices.framework; sourceTree = SDKROOT; };
/* End PBXFileReference section */

/* Begin PBXFrameworksBuildPhase section */
		A12E739B17E8214300963CDA /* Frameworks */ = {
			isa = PBXFrameworksBuildPhase;
			buildActionMask = 2147483647;
			files = (
				A12E744617E975F300963CDA /* MobileCoreServices.framework in Frameworks */,
				A12E73DE17E8299B00963CDA /* libc++.dylib in Frameworks */,
				A12E73A617E8214300963CDA /* CoreGraphics.framework in Frameworks */,
				A12E73D417E825C300963CDA /* libicucore.dylib in Frameworks */,
				A12E73D617E825C300963CDA /* libz.dylib in Frameworks */,
				A12E73D717E825C300963CDA /* OpenGLES.framework in Frameworks */,
				A12E73D817E825C300963CDA /* QuartzCore.framework in Frameworks */,
				A12E73D917E825C300963CDA /* SystemConfiguration.framework in Frameworks */,
				A12E73C817E8257500963CDA /* AVFoundation.framework in Frameworks */,
				A12E73C917E8257500963CDA /* CoreData.framework in Frameworks */,
				A12E73CA17E8257500963CDA /* CoreLocation.framework in Frameworks */,
				A12E73CB17E8257500963CDA /* CoreText.framework in Frameworks */,
				A12E73CC17E8257500963CDA /* GLKit.framework in Frameworks */,
				A12E73CD17E8257500963CDA /* ImageIO.framework in Frameworks */,
				A12E73A217E8214300963CDA /* UIKit.framework in Frameworks */,
				A12E73A417E8214300963CDA /* Foundation.framework in Frameworks */,
				A12E73BF17E8240F00963CDA /* GoogleMaps.framework in Frameworks */,
			);
			runOnlyForDeploymentPostprocessing = 0;
		};
/* End PBXFrameworksBuildPhase section */

/* Begin PBXGroup section */
		A12E739517E8214300963CDA = {
			isa = PBXGroup;
			children = (
				A12E744517E975F300963CDA /* MobileCoreServices.framework */,
				A12E73A717E8214300963CDA /* BTO */,
				A12E73A017E8214300963CDA /* Frameworks */,
				A12E739F17E8214300963CDA /* Products */,
			);
			sourceTree = "<group>";
		};
		A12E739F17E8214300963CDA /* Products */ = {
			isa = PBXGroup;
			children = (
				A12E739E17E8214300963CDA /* BTO.app */,
			);
			name = Products;
			sourceTree = "<group>";
		};
		A12E73A017E8214300963CDA /* Frameworks */ = {
			isa = PBXGroup;
			children = (
				A12E73DD17E8299B00963CDA /* libc++.dylib */,
				A12E73CE17E825C300963CDA /* libicucore.dylib */,
				A12E73D017E825C300963CDA /* libz.dylib */,
				A12E73D117E825C300963CDA /* OpenGLES.framework */,
				A12E73D217E825C300963CDA /* QuartzCore.framework */,
				A12E73D317E825C300963CDA /* SystemConfiguration.framework */,
				A12E73C217E8257500963CDA /* AVFoundation.framework */,
				A12E73C317E8257500963CDA /* CoreData.framework */,
				A12E73C417E8257500963CDA /* CoreLocation.framework */,
				A12E73C517E8257500963CDA /* CoreText.framework */,
				A12E73C617E8257500963CDA /* GLKit.framework */,
				A12E73C717E8257500963CDA /* ImageIO.framework */,
				A12E73C017E8243F00963CDA /* GoogleMaps.bundle */,
				A12E73BE17E8240F00963CDA /* GoogleMaps.framework */,
				A12E73A117E8214300963CDA /* UIKit.framework */,
				A12E73A317E8214300963CDA /* Foundation.framework */,
				A12E73A517E8214300963CDA /* CoreGraphics.framework */,
			);
			name = Frameworks;
			sourceTree = "<group>";
		};
		A12E73A717E8214300963CDA /* BTO */ = {
			isa = PBXGroup;
			children = (
				A12E73B017E8214300963CDA /* AppDelegate.h */,
				A12E73B117E8214300963CDA /* AppDelegate.m */,
				A12E73DA17E8264D00963CDA /* RootViewController.h */,
				A12E73DB17E8264D00963CDA /* RootViewController.m */,
				A12E742817E9758000963CDA /* AFNetworking */,
				A12E73DF17E831A700963CDA /* SSGentleAlertView */,
				A12E73A817E8214300963CDA /* Supporting Files */,
			);
			path = BTO;
			sourceTree = "<group>";
		};
		A12E73A817E8214300963CDA /* Supporting Files */ = {
			isa = PBXGroup;
			children = (
				A12E73A917E8214300963CDA /* BTO-Info.plist */,
				A12E73AA17E8214300963CDA /* InfoPlist.strings */,
				A12E73AD17E8214300963CDA /* main.m */,
				A12E73AF17E8214300963CDA /* BTO-Prefix.pch */,
				A12E73B317E8214300963CDA /* Default.png */,
				A12E73B517E8214300963CDA /* Default@2x.png */,
				A12E73B717E8214300963CDA /* Default-568h@2x.png */,
			);
			name = "Supporting Files";
			sourceTree = "<group>";
		};
		A12E73DF17E831A700963CDA /* SSGentleAlertView */ = {
			isa = PBXGroup;
			children = (
				A12E73E017E831A700963CDA /* SSDialogView.h */,
				A12E73E117E831A700963CDA /* SSDialogView.m */,
				A12E73E217E831A700963CDA /* SSGentleAlertView.h */,
				A12E73E317E831A700963CDA /* SSGentleAlertView.m */,
				A12E73E417E831A700963CDA /* SSGentleAlertViewBlack */,
				A12E73E817E831A700963CDA /* SSGentleAlertViewDefault */,
				A12E73EC17E831A700963CDA /* SSGentleAlertViewNative */,
				A12E73F017E831A700963CDA /* SSGentleAlertViewStyle.h */,
				A12E73F117E831A700963CDA /* SSOverlayWindow.h */,
				A12E73F217E831A700963CDA /* SSOverlayWindow.m */,
			);
			path = SSGentleAlertView;
			sourceTree = "<group>";
		};
		A12E73E417E831A700963CDA /* SSGentleAlertViewBlack */ = {
			isa = PBXGroup;
			children = (
				A12E73E517E831A700963CDA /* SSGentleAlertButtonBlack.xib */,
				A12E73E617E831A700963CDA /* SSGentleAlertViewBlack.bundle */,
				A12E73E717E831A700963CDA /* SSGentleAlertViewBlack.xib */,
			);
			path = SSGentleAlertViewBlack;
			sourceTree = "<group>";
		};
		A12E73E817E831A700963CDA /* SSGentleAlertViewDefault */ = {
			isa = PBXGroup;
			children = (
				A12E73E917E831A700963CDA /* SSGentleAlertButtonDefault.xib */,
				A12E73EA17E831A700963CDA /* SSGentleAlertViewDefault.bundle */,
				A12E73EB17E831A700963CDA /* SSGentleAlertViewDefault.xib */,
			);
			path = SSGentleAlertViewDefault;
			sourceTree = "<group>";
		};
		A12E73EC17E831A700963CDA /* SSGentleAlertViewNative */ = {
			isa = PBXGroup;
			children = (
				A12E73ED17E831A700963CDA /* SSGentleAlertButtonNative.xib */,
				A12E73EE17E831A700963CDA /* SSGentleAlertViewNative.bundle */,
				A12E73EF17E831A700963CDA /* SSGentleAlertViewNative.xib */,
			);
			path = SSGentleAlertViewNative;
			sourceTree = "<group>";
		};
		A12E742817E9758000963CDA /* AFNetworking */ = {
			isa = PBXGroup;
			children = (
				A12E742917E9758000963CDA /* AFHTTPClient.h */,
				A12E742A17E9758000963CDA /* AFHTTPClient.m */,
				A12E742B17E9758000963CDA /* AFHTTPRequestOperation.h */,
				A12E742C17E9758000963CDA /* AFHTTPRequestOperation.m */,
				A12E742D17E9758000963CDA /* AFImageRequestOperation.h */,
				A12E742E17E9758000963CDA /* AFImageRequestOperation.m */,
				A12E742F17E9758000963CDA /* AFJSONRequestOperation.h */,
				A12E743017E9758000963CDA /* AFJSONRequestOperation.m */,
				A12E743117E9758000963CDA /* AFNetworkActivityIndicatorManager.h */,
				A12E743217E9758000963CDA /* AFNetworkActivityIndicatorManager.m */,
				A12E743317E9758000963CDA /* AFNetworking.h */,
				A12E743417E9758000963CDA /* AFPropertyListRequestOperation.h */,
				A12E743517E9758000963CDA /* AFPropertyListRequestOperation.m */,
				A12E743617E9758000963CDA /* AFURLConnectionOperation.h */,
				A12E743717E9758000963CDA /* AFURLConnectionOperation.m */,
				A12E743817E9758000963CDA /* AFXMLRequestOperation.h */,
				A12E743917E9758000963CDA /* AFXMLRequestOperation.m */,
				A12E743A17E9758000963CDA /* UIImageView+AFNetworking.h */,
				A12E743B17E9758000963CDA /* UIImageView+AFNetworking.m */,
			);
			name = AFNetworking;
			path = ../AFNetworking;
			sourceTree = "<group>";
		};
/* End PBXGroup section */

/* Begin PBXNativeTarget section */
		A12E739D17E8214300963CDA /* BTO */ = {
			isa = PBXNativeTarget;
			buildConfigurationList = A12E73BB17E8214300963CDA /* Build configuration list for PBXNativeTarget "BTO" */;
			buildPhases = (
				A12E739A17E8214300963CDA /* Sources */,
				A12E739B17E8214300963CDA /* Frameworks */,
				A12E739C17E8214300963CDA /* Resources */,
			);
			buildRules = (
			);
			dependencies = (
			);
			name = BTO;
			productName = BTO;
			productReference = A12E739E17E8214300963CDA /* BTO.app */;
			productType = "com.apple.product-type.application";
		};
/* End PBXNativeTarget section */

/* Begin PBXProject section */
		A12E739617E8214300963CDA /* Project object */ = {
			isa = PBXProject;
			attributes = {
				LastUpgradeCheck = 0460;
				ORGANIZATIONNAME = AMI;
			};
			buildConfigurationList = A12E739917E8214300963CDA /* Build configuration list for PBXProject "BTO" */;
			compatibilityVersion = "Xcode 3.2";
			developmentRegion = English;
			hasScannedForEncodings = 0;
			knownRegions = (
				en,
			);
			mainGroup = A12E739517E8214300963CDA;
			productRefGroup = A12E739F17E8214300963CDA /* Products */;
			projectDirPath = "";
			projectRoot = "";
			targets = (
				A12E739D17E8214300963CDA /* BTO */,
			);
		};
/* End PBXProject section */

/* Begin PBXResourcesBuildPhase section */
		A12E739C17E8214300963CDA /* Resources */ = {
			isa = PBXResourcesBuildPhase;
			buildActionMask = 2147483647;
			files = (
				A12E73AC17E8214300963CDA /* InfoPlist.strings in Resources */,
				A12E73B417E8214300963CDA /* Default.png in Resources */,
				A12E73B617E8214300963CDA /* Default@2x.png in Resources */,
				A12E73B817E8214300963CDA /* Default-568h@2x.png in Resources */,
				A12E73C117E8243F00963CDA /* GoogleMaps.bundle in Resources */,
				A12E73F517E831A700963CDA /* SSGentleAlertButtonBlack.xib in Resources */,
				A12E73F617E831A700963CDA /* SSGentleAlertViewBlack.bundle in Resources */,
				A12E73F717E831A700963CDA /* SSGentleAlertViewBlack.xib in Resources */,
				A12E73F817E831A700963CDA /* SSGentleAlertButtonDefault.xib in Resources */,
				A12E73F917E831A700963CDA /* SSGentleAlertViewDefault.bundle in Resources */,
				A12E73FA17E831A700963CDA /* SSGentleAlertViewDefault.xib in Resources */,
				A12E73FB17E831A700963CDA /* SSGentleAlertButtonNative.xib in Resources */,
				A12E73FC17E831A700963CDA /* SSGentleAlertViewNative.bundle in Resources */,
				A12E73FD17E831A700963CDA /* SSGentleAlertViewNative.xib in Resources */,
			);
			runOnlyForDeploymentPostprocessing = 0;
		};
/* End PBXResourcesBuildPhase section */

/* Begin PBXSourcesBuildPhase section */
		A12E739A17E8214300963CDA /* Sources */ = {
			isa = PBXSourcesBuildPhase;
			buildActionMask = 2147483647;
			files = (
				A12E73AE17E8214300963CDA /* main.m in Sources */,
				A12E73B217E8214300963CDA /* AppDelegate.m in Sources */,
				A12E73DC17E8264D00963CDA /* RootViewController.m in Sources */,
				A12E73F317E831A700963CDA /* SSDialogView.m in Sources */,
				A12E73F417E831A700963CDA /* SSGentleAlertView.m in Sources */,
				A12E73FE17E831A700963CDA /* SSOverlayWindow.m in Sources */,
				A12E743C17E9758000963CDA /* AFHTTPClient.m in Sources */,
				A12E743E17E9758000963CDA /* AFImageRequestOperation.m in Sources */,
				A12E743D17E9758000963CDA /* AFHTTPRequestOperation.m in Sources */,
				A12E743F17E9758000963CDA /* AFJSONRequestOperation.m in Sources */,
				A12E744017E9758000963CDA /* AFNetworkActivityIndicatorManager.m in Sources */,
				A12E744117E9758000963CDA /* AFPropertyListRequestOperation.m in Sources */,
				A12E744217E9758000963CDA /* AFURLConnectionOperation.m in Sources */,
				A12E744317E9758000963CDA /* AFXMLRequestOperation.m in Sources */,
				A12E744417E9758000963CDA /* UIImageView+AFNetworking.m in Sources */,
			);
			runOnlyForDeploymentPostprocessing = 0;
		};
/* End PBXSourcesBuildPhase section */

/* Begin PBXVariantGroup section */
		A12E73AA17E8214300963CDA /* InfoPlist.strings */ = {
			isa = PBXVariantGroup;
			children = (
				A12E73AB17E8214300963CDA /* en */,
			);
			name = InfoPlist.strings;
			sourceTree = "<group>";
		};
/* End PBXVariantGroup section */

/* Begin XCBuildConfiguration section */
		A12E73B917E8214300963CDA /* Debug */ = {
			isa = XCBuildConfiguration;
			buildSettings = {
				ALWAYS_SEARCH_USER_PATHS = NO;
				CLANG_CXX_LANGUAGE_STANDARD = "gnu++0x";
				CLANG_CXX_LIBRARY = "libc++";
				CLANG_ENABLE_OBJC_ARC = YES;
				CLANG_WARN_CONSTANT_CONVERSION = YES;
				CLANG_WARN_EMPTY_BODY = YES;
				CLANG_WARN_ENUM_CONVERSION = YES;
				CLANG_WARN_INT_CONVERSION = YES;
				CLANG_WARN__DUPLICATE_METHOD_MATCH = YES;
				"CODE_SIGN_IDENTITY[sdk=iphoneos*]" = "iPhone Developer";
				COPY_PHASE_STRIP = NO;
				GCC_C_LANGUAGE_STANDARD = gnu99;
				GCC_DYNAMIC_NO_PIC = NO;
				GCC_OPTIMIZATION_LEVEL = 0;
				GCC_PREPROCESSOR_DEFINITIONS = (
					"DEBUG=1",
					"$(inherited)",
				);
				GCC_SYMBOLS_PRIVATE_EXTERN = NO;
				GCC_WARN_ABOUT_RETURN_TYPE = YES;
				GCC_WARN_UNINITIALIZED_AUTOS = YES;
				GCC_WARN_UNUSED_VARIABLE = YES;
				IPHONEOS_DEPLOYMENT_TARGET = 6.1;
				ONLY_ACTIVE_ARCH = YES;
				SDKROOT = iphoneos;
				VALID_ARCHS = "armv7 armv7s";
			};
			name = Debug;
		};
		A12E73BA17E8214300963CDA /* Release */ = {
			isa = XCBuildConfiguration;
			buildSettings = {
				ALWAYS_SEARCH_USER_PATHS = NO;
				CLANG_CXX_LANGUAGE_STANDARD = "gnu++0x";
				CLANG_CXX_LIBRARY = "libc++";
				CLANG_ENABLE_OBJC_ARC = YES;
				CLANG_WARN_CONSTANT_CONVERSION = YES;
				CLANG_WARN_EMPTY_BODY = YES;
				CLANG_WARN_ENUM_CONVERSION = YES;
				CLANG_WARN_INT_CONVERSION = YES;
				CLANG_WARN__DUPLICATE_METHOD_MATCH = YES;
				"CODE_SIGN_IDENTITY[sdk=iphoneos*]" = "iPhone Developer";
				COPY_PHASE_STRIP = YES;
				GCC_C_LANGUAGE_STANDARD = gnu99;
				GCC_WARN_ABOUT_RETURN_TYPE = YES;
				GCC_WARN_UNINITIALIZED_AUTOS = YES;
				GCC_WARN_UNUSED_VARIABLE = YES;
				IPHONEOS_DEPLOYMENT_TARGET = 6.1;
				OTHER_CFLAGS = "-DNS_BLOCK_ASSERTIONS=1";
				SDKROOT = iphoneos;
				VALIDATE_PRODUCT = YES;
				VALID_ARCHS = "armv7 armv7s";
			};
			name = Release;
		};
		A12E73BC17E8214300963CDA /* Debug */ = {
			isa = XCBuildConfiguration;
			buildSettings = {
				FRAMEWORK_SEARCH_PATHS = (
					"$(inherited)",
					"\"$(SRCROOT)/BTO\"",
				);
				GCC_PRECOMPILE_PREFIX_HEADER = YES;
				GCC_PREFIX_HEADER = "BTO/BTO-Prefix.pch";
				IBC_OTHER_FLAGS = "-fno -objc -arc";
				INFOPLIST_FILE = "BTO/BTO-Info.plist";
				OTHER_LDFLAGS = "-ObjC";
				PRODUCT_NAME = "$(TARGET_NAME)";
				VALID_ARCHS = "armv7 armv7s";
				WRAPPER_EXTENSION = app;
			};
			name = Debug;
		};
		A12E73BD17E8214300963CDA /* Release */ = {
			isa = XCBuildConfiguration;
			buildSettings = {
				FRAMEWORK_SEARCH_PATHS = (
					"$(inherited)",
					"\"$(SRCROOT)/BTO\"",
				);
				GCC_PRECOMPILE_PREFIX_HEADER = YES;
				GCC_PREFIX_HEADER = "BTO/BTO-Prefix.pch";
				IBC_OTHER_FLAGS = "-fno -objc -arc";
				INFOPLIST_FILE = "BTO/BTO-Info.plist";
				OTHER_LDFLAGS = "-ObjC";
				PRODUCT_NAME = "$(TARGET_NAME)";
				VALID_ARCHS = "armv7 armv7s";
				WRAPPER_EXTENSION = app;
			};
			name = Release;
		};
/* End XCBuildConfiguration section */

/* Begin XCConfigurationList section */
		A12E739917E8214300963CDA /* Build configuration list for PBXProject "BTO" */ = {
			isa = XCConfigurationList;
			buildConfigurations = (
				A12E73B917E8214300963CDA /* Debug */,
				A12E73BA17E8214300963CDA /* Release */,
			);
			defaultConfigurationIsVisible = 0;
			defaultConfigurationName = Release;
		};
		A12E73BB17E8214300963CDA /* Build configuration list for PBXNativeTarget "BTO" */ = {
			isa = XCConfigurationList;
			buildConfigurations = (
				A12E73BC17E8214300963CDA /* Debug */,
				A12E73BD17E8214300963CDA /* Release */,
			);
			defaultConfigurationIsVisible = 0;
			defaultConfigurationName = Release;
		};
/* End XCConfigurationList section */
	};
	rootObject = A12E739617E8214300963CDA /* Project object */;
}
